
Microsoft Visual Studio Solution File, Format Version 12.00
# Visual Studio Version 16
VisualStudioVersion = 16.0.30002.166
MinimumVisualStudioVersion = 10.0.40219.1
Project("{FAE04EC0-301F-11D3-BF4B-00C04F79EFBC}") = "monthseason", "monthseason\monthseason.csproj", "{2E5BE82B-F417-4BBF-ADA6-DF861FD3F847}"
EndProject
Global
	GlobalSection(SolutionConfigurationPlatforms) = preSolution
		Debug|Any CPU = Debug|Any CPU
		Release|Any CPU = Release|Any CPU
	EndGlobalSection
	GlobalSection(ProjectConfigurationPlatforms) = postSolution
		{2E5BE82B-F417-4BBF-ADA6-DF861FD3F847}.Debug|Any CPU.ActiveCfg = Debug|Any CPU
		{2E5BE82B-F417-4BBF-ADA6-DF861FD3F847}.Debug|Any CPU.Build.0 = Debug|Any CPU
		{2E5BE82B-F417-4BBF-ADA6-DF861FD3F847}.Release|Any CPU.ActiveCfg = Release|Any CPU
		{2E5BE82B-F417-4BBF-ADA6-DF861FD3F847}.Release|Any CPU.Build.0 = Release|Any CPU
	EndGlobalSection
	GlobalSection(SolutionProperties) = preSolution
		HideSolutionNode = FALSE
	EndGlobalSection
	GlobalSection(ExtensibilityGlobals) = postSolution
		SolutionGuid = {0DF47D41-6685-4641-A43B-DCC7C1CB2AD7}
	EndGlobalSection
EndGlobal
